
Microsoft Visual Studio Solution File, Format Version 12.00
# Visual Studio Version 16
VisualStudioVersion = 16.0.33529.622
MinimumVisualStudioVersion = 10.0.40219.1
Project("{FAE04EC0-301F-11D3-BF4B-00C04F79EFBC}") = "01_TrackingTuanThuTLTT", "01_TrackingTuanThuTLTT\01_TrackingTuanThuTLTT.csproj", "{57378341-20BF-4832-AFC4-4F86C91D5387}"
EndProject
Global
	GlobalSection(SolutionConfigurationPlatforms) = preSolution
		Debug|Any CPU = Debug|Any CPU
		Release|Any CPU = Release|Any CPU
	EndGlobalSection
	GlobalSection(ProjectConfigurationPlatforms) = postSolution
		{57378341-20BF-4832-AFC4-4F86C91D5387}.Debug|Any CPU.ActiveCfg = Debug|Any CPU
		{57378341-20BF-4832-AFC4-4F86C91D5387}.Debug|Any CPU.Build.0 = Debug|Any CPU
		{57378341-20BF-4832-AFC4-4F86C91D5387}.Release|Any CPU.ActiveCfg = Release|Any CPU
		{57378341-20BF-4832-AFC4-4F86C91D5387}.Release|Any CPU.Build.0 = Release|Any CPU
	EndGlobalSection
	GlobalSection(SolutionProperties) = preSolution
		HideSolutionNode = FALSE
	EndGlobalSection
	GlobalSection(ExtensibilityGlobals) = postSolution
		SolutionGuid = {21FA5277-D138-47E3-928B-25E58CD663CB}
	EndGlobalSection
EndGlobal
